
Microsoft Visual Studio Solution File, Format Version 12.00
# Visual Studio 15
VisualStudioVersion = 15.0.28307.136
MinimumVisualStudioVersion = 10.0.40219.1
Project("{9A19103F-16F7-4668-BE54-9A1E7A4F7556}") = "IoTConsole", "IoTConsole\IoTConsole.csproj", "{AE0380F6-42BD-43E2-8648-3678734847E9}"
EndProject
Project("{2150E333-8FDC-42A3-9474-1A3956D46DE8}") = "Solution Items", "Solution Items", "{EEB1D75B-104E-48A6-871C-A115E8FB5539}"
	ProjectSection(SolutionItems) = preProject
		Readme.txt = Readme.txt
	EndProjectSection
EndProject
Project("{9A19103F-16F7-4668-BE54-9A1E7A4F7556}") = "ReportConnectivity", "ReportConnectivity\ReportConnectivity.csproj", "{593D16A8-4DD8-414A-A8AE-AB043F84D306}"
EndProject
Project("{FAE04EC0-301F-11D3-BF4B-00C04F79EFBC}") = "AzureTest", "AzureTest\AzureTest.csproj", "{95D37FB6-C158-4CB1-A8D6-CFDDC25A9ADC}"
EndProject
Global
	GlobalSection(SolutionConfigurationPlatforms) = preSolution
		Debug|Any CPU = Debug|Any CPU
		Debug|ARM = Debug|ARM
		Debug|ARM64 = Debug|ARM64
		Debug|x64 = Debug|x64
		Debug|x86 = Debug|x86
		Release|Any CPU = Release|Any CPU
		Release|ARM = Release|ARM
		Release|ARM64 = Release|ARM64
		Release|x64 = Release|x64
		Release|x86 = Release|x86
	EndGlobalSection
	GlobalSection(ProjectConfigurationPlatforms) = postSolution
		{AE0380F6-42BD-43E2-8648-3678734847E9}.Debug|Any CPU.ActiveCfg = Debug|Any CPU
		{AE0380F6-42BD-43E2-8648-3678734847E9}.Debug|Any CPU.Build.0 = Debug|Any CPU
		{AE0380F6-42BD-43E2-8648-3678734847E9}.Debug|ARM.ActiveCfg = Debug|Any CPU
		{AE0380F6-42BD-43E2-8648-3678734847E9}.Debug|ARM.Build.0 = Debug|Any CPU
		{AE0380F6-42BD-43E2-8648-3678734847E9}.Debug|ARM64.ActiveCfg = Debug|Any CPU
		{AE0380F6-42BD-43E2-8648-3678734847E9}.Debug|ARM64.Build.0 = Debug|Any CPU
		{AE0380F6-42BD-43E2-8648-3678734847E9}.Debug|x64.ActiveCfg = Debug|Any CPU
		{AE0380F6-42BD-43E2-8648-3678734847E9}.Debug|x64.Build.0 = Debug|Any CPU
		{AE0380F6-42BD-43E2-8648-3678734847E9}.Debug|x86.ActiveCfg = Debug|Any CPU
		{AE0380F6-42BD-43E2-8648-3678734847E9}.Debug|x86.Build.0 = Debug|Any CPU
		{AE0380F6-42BD-43E2-8648-3678734847E9}.Release|Any CPU.ActiveCfg = Release|Any CPU
		{AE0380F6-42BD-43E2-8648-3678734847E9}.Release|Any CPU.Build.0 = Release|Any CPU
		{AE0380F6-42BD-43E2-8648-3678734847E9}.Release|ARM.ActiveCfg = Release|Any CPU
		{AE0380F6-42BD-43E2-8648-3678734847E9}.Release|ARM.Build.0 = Release|Any CPU
		{AE0380F6-42BD-43E2-8648-3678734847E9}.Release|ARM64.ActiveCfg = Release|Any CPU
		{AE0380F6-42BD-43E2-8648-3678734847E9}.Release|ARM64.Build.0 = Release|Any CPU
		{AE0380F6-42BD-43E2-8648-3678734847E9}.Release|x64.ActiveCfg = Release|Any CPU
		{AE0380F6-42BD-43E2-8648-3678734847E9}.Release|x64.Build.0 = Release|Any CPU
		{AE0380F6-42BD-43E2-8648-3678734847E9}.Release|x86.ActiveCfg = Release|Any CPU
		{AE0380F6-42BD-43E2-8648-3678734847E9}.Release|x86.Build.0 = Release|Any CPU
		{593D16A8-4DD8-414A-A8AE-AB043F84D306}.Debug|Any CPU.ActiveCfg = Debug|Any CPU
		{593D16A8-4DD8-414A-A8AE-AB043F84D306}.Debug|Any CPU.Build.0 = Debug|Any CPU
		{593D16A8-4DD8-414A-A8AE-AB043F84D306}.Debug|ARM.ActiveCfg = Debug|Any CPU
		{593D16A8-4DD8-414A-A8AE-AB043F84D306}.Debug|ARM.Build.0 = Debug|Any CPU
		{593D16A8-4DD8-414A-A8AE-AB043F84D306}.Debug|ARM64.ActiveCfg = Debug|Any CPU
		{593D16A8-4DD8-414A-A8AE-AB043F84D306}.Debug|ARM64.Build.0 = Debug|Any CPU
		{593D16A8-4DD8-414A-A8AE-AB043F84D306}.Debug|x64.ActiveCfg = Debug|Any CPU
		{593D16A8-4DD8-414A-A8AE-AB043F84D306}.Debug|x64.Build.0 = Debug|Any CPU
		{593D16A8-4DD8-414A-A8AE-AB043F84D306}.Debug|x86.ActiveCfg = Debug|Any CPU
		{593D16A8-4DD8-414A-A8AE-AB043F84D306}.Debug|x86.Build.0 = Debug|Any CPU
		{593D16A8-4DD8-414A-A8AE-AB043F84D306}.Release|Any CPU.ActiveCfg = Release|Any CPU
		{593D16A8-4DD8-414A-A8AE-AB043F84D306}.Release|Any CPU.Build.0 = Release|Any CPU
		{593D16A8-4DD8-414A-A8AE-AB043F84D306}.Release|ARM.ActiveCfg = Release|Any CPU
		{593D16A8-4DD8-414A-A8AE-AB043F84D306}.Release|ARM.Build.0 = Release|Any CPU
		{593D16A8-4DD8-414A-A8AE-AB043F84D306}.Release|ARM64.ActiveCfg = Release|Any CPU
		{593D16A8-4DD8-414A-A8AE-AB043F84D306}.Release|ARM64.Build.0 = Release|Any CPU
		{593D16A8-4DD8-414A-A8AE-AB043F84D306}.Release|x64.ActiveCfg = Release|Any CPU
		{593D16A8-4DD8-414A-A8AE-AB043F84D306}.Release|x64.Build.0 = Release|Any CPU
		{593D16A8-4DD8-414A-A8AE-AB043F84D306}.Release|x86.ActiveCfg = Release|Any CPU
		{593D16A8-4DD8-414A-A8AE-AB043F84D306}.Release|x86.Build.0 = Release|Any CPU
		{95D37FB6-C158-4CB1-A8D6-CFDDC25A9ADC}.Debug|Any CPU.ActiveCfg = Debug|x86
		{95D37FB6-C158-4CB1-A8D6-CFDDC25A9ADC}.Debug|Any CPU.Build.0 = Debug|x86
		{95D37FB6-C158-4CB1-A8D6-CFDDC25A9ADC}.Debug|Any CPU.Deploy.0 = Debug|x86
		{95D37FB6-C158-4CB1-A8D6-CFDDC25A9ADC}.Debug|ARM.ActiveCfg = Debug|ARM
		{95D37FB6-C158-4CB1-A8D6-CFDDC25A9ADC}.Debug|ARM.Build.0 = Debug|ARM
		{95D37FB6-C158-4CB1-A8D6-CFDDC25A9ADC}.Debug|ARM.Deploy.0 = Debug|ARM
		{95D37FB6-C158-4CB1-A8D6-CFDDC25A9ADC}.Debug|ARM64.ActiveCfg = Debug|ARM64
		{95D37FB6-C158-4CB1-A8D6-CFDDC25A9ADC}.Debug|ARM64.Build.0 = Debug|ARM64
		{95D37FB6-C158-4CB1-A8D6-CFDDC25A9ADC}.Debug|ARM64.Deploy.0 = Debug|ARM64
		{95D37FB6-C158-4CB1-A8D6-CFDDC25A9ADC}.Debug|x64.ActiveCfg = Debug|x64
		{95D37FB6-C158-4CB1-A8D6-CFDDC25A9ADC}.Debug|x64.Build.0 = Debug|x64
		{95D37FB6-C158-4CB1-A8D6-CFDDC25A9ADC}.Debug|x64.Deploy.0 = Debug|x64
		{95D37FB6-C158-4CB1-A8D6-CFDDC25A9ADC}.Debug|x86.ActiveCfg = Debug|x86
		{95D37FB6-C158-4CB1-A8D6-CFDDC25A9ADC}.Debug|x86.Build.0 = Debug|x86
		{95D37FB6-C158-4CB1-A8D6-CFDDC25A9ADC}.Debug|x86.Deploy.0 = Debug|x86
		{95D37FB6-C158-4CB1-A8D6-CFDDC25A9ADC}.Release|Any CPU.ActiveCfg = Release|x86
		{95D37FB6-C158-4CB1-A8D6-CFDDC25A9ADC}.Release|ARM.ActiveCfg = Release|ARM
		{95D37FB6-C158-4CB1-A8D6-CFDDC25A9ADC}.Release|ARM.Build.0 = Release|ARM
		{95D37FB6-C158-4CB1-A8D6-CFDDC25A9ADC}.Release|ARM.Deploy.0 = Release|ARM
		{95D37FB6-C158-4CB1-A8D6-CFDDC25A9ADC}.Release|ARM64.ActiveCfg = Release|ARM64
		{95D37FB6-C158-4CB1-A8D6-CFDDC25A9ADC}.Release|ARM64.Build.0 = Release|ARM64
		{95D37FB6-C158-4CB1-A8D6-CFDDC25A9ADC}.Release|ARM64.Deploy.0 = Release|ARM64
		{95D37FB6-C158-4CB1-A8D6-CFDDC25A9ADC}.Release|x64.ActiveCfg = Release|x64
		{95D37FB6-C158-4CB1-A8D6-CFDDC25A9ADC}.Release|x64.Build.0 = Release|x64
		{95D37FB6-C158-4CB1-A8D6-CFDDC25A9ADC}.Release|x64.Deploy.0 = Release|x64
		{95D37FB6-C158-4CB1-A8D6-CFDDC25A9ADC}.Release|x86.ActiveCfg = Release|x86
		{95D37FB6-C158-4CB1-A8D6-CFDDC25A9ADC}.Release|x86.Build.0 = Release|x86
		{95D37FB6-C158-4CB1-A8D6-CFDDC25A9ADC}.Release|x86.Deploy.0 = Release|x86
	EndGlobalSection
	GlobalSection(SolutionProperties) = preSolution
		HideSolutionNode = FALSE
	EndGlobalSection
	GlobalSection(ExtensibilityGlobals) = postSolution
		SolutionGuid = {27C9A598-4A08-4DAC-A34E-A6271A5B7722}
	EndGlobalSection
EndGlobal
